
Microsoft Visual Studio Solution File, Format Version 12.00
# Visual Studio Version 17
VisualStudioVersion = 17.4.33205.214
MinimumVisualStudioVersion = 10.0.40219.1
Project("{9A19103F-16F7-4668-BE54-9A1E7A4F7556}") = "PalCalc.Model", "PalCalc.Model\PalCalc.Model.csproj", "{378F5690-2B20-46AC-8557-F8CFF6B16F0F}"
EndProject
Project("{9A19103F-16F7-4668-BE54-9A1E7A4F7556}") = "PalCalc.SaveReader", "PalCalc.SaveReader\PalCalc.SaveReader.csproj", "{92892830-FC2F-40E6-8CD1-021E692F2A1C}"
EndProject
Project("{FAE04EC0-301F-11D3-BF4B-00C04F79EFBC}") = "PalCalc.GenDB", "PalCalc.GenDB\PalCalc.GenDB.csproj", "{FB5FDDEC-6ADA-404F-AFE3-42CA5DEB10A8}"
EndProject
Project("{9A19103F-16F7-4668-BE54-9A1E7A4F7556}") = "PalCalc.Solver", "PalCalc.Solver\PalCalc.Solver.csproj", "{567FFDAB-38EE-49E6-85C8-7EEAC91AFBE5}"
EndProject
Project("{FAE04EC0-301F-11D3-BF4B-00C04F79EFBC}") = "PalCalc.SaveReader.CLI", "PalCalc.SaveReader.CLI\PalCalc.SaveReader.CLI.csproj", "{193E2B11-E76E-4202-A70A-FA48301FE0B4}"
EndProject
Global
	GlobalSection(SolutionConfigurationPlatforms) = preSolution
		Debug|Any CPU = Debug|Any CPU
		Release|Any CPU = Release|Any CPU
	EndGlobalSection
	GlobalSection(ProjectConfigurationPlatforms) = postSolution
		{378F5690-2B20-46AC-8557-F8CFF6B16F0F}.Debug|Any CPU.ActiveCfg = Debug|Any CPU
		{378F5690-2B20-46AC-8557-F8CFF6B16F0F}.Debug|Any CPU.Build.0 = Debug|Any CPU
		{378F5690-2B20-46AC-8557-F8CFF6B16F0F}.Release|Any CPU.ActiveCfg = Release|Any CPU
		{378F5690-2B20-46AC-8557-F8CFF6B16F0F}.Release|Any CPU.Build.0 = Release|Any CPU
		{92892830-FC2F-40E6-8CD1-021E692F2A1C}.Debug|Any CPU.ActiveCfg = Debug|Any CPU
		{92892830-FC2F-40E6-8CD1-021E692F2A1C}.Debug|Any CPU.Build.0 = Debug|Any CPU
		{92892830-FC2F-40E6-8CD1-021E692F2A1C}.Release|Any CPU.ActiveCfg = Release|Any CPU
		{92892830-FC2F-40E6-8CD1-021E692F2A1C}.Release|Any CPU.Build.0 = Release|Any CPU
		{FB5FDDEC-6ADA-404F-AFE3-42CA5DEB10A8}.Debug|Any CPU.ActiveCfg = Debug|Any CPU
		{FB5FDDEC-6ADA-404F-AFE3-42CA5DEB10A8}.Debug|Any CPU.Build.0 = Debug|Any CPU
		{FB5FDDEC-6ADA-404F-AFE3-42CA5DEB10A8}.Release|Any CPU.ActiveCfg = Release|Any CPU
		{FB5FDDEC-6ADA-404F-AFE3-42CA5DEB10A8}.Release|Any CPU.Build.0 = Release|Any CPU
		{567FFDAB-38EE-49E6-85C8-7EEAC91AFBE5}.Debug|Any CPU.ActiveCfg = Debug|Any CPU
		{567FFDAB-38EE-49E6-85C8-7EEAC91AFBE5}.Debug|Any CPU.Build.0 = Debug|Any CPU
		{567FFDAB-38EE-49E6-85C8-7EEAC91AFBE5}.Release|Any CPU.ActiveCfg = Release|Any CPU
		{567FFDAB-38EE-49E6-85C8-7EEAC91AFBE5}.Release|Any CPU.Build.0 = Release|Any CPU
		{193E2B11-E76E-4202-A70A-FA48301FE0B4}.Debug|Any CPU.ActiveCfg = Debug|Any CPU
		{193E2B11-E76E-4202-A70A-FA48301FE0B4}.Debug|Any CPU.Build.0 = Debug|Any CPU
		{193E2B11-E76E-4202-A70A-FA48301FE0B4}.Release|Any CPU.ActiveCfg = Release|Any CPU
		{193E2B11-E76E-4202-A70A-FA48301FE0B4}.Release|Any CPU.Build.0 = Release|Any CPU
	EndGlobalSection
	GlobalSection(SolutionProperties) = preSolution
		HideSolutionNode = FALSE
	EndGlobalSection
	GlobalSection(ExtensibilityGlobals) = postSolution
		SolutionGuid = {0171AB8C-D344-4A9B-BE99-146E847BFEFB}
	EndGlobalSection
EndGlobal
